
Microsoft Visual Studio Solution File, Format Version 12.00
# Visual Studio Version 17
VisualStudioVersion = 17.8.34511.84
MinimumVisualStudioVersion = 10.0.40219.1
Project("{FAE04EC0-301F-11D3-BF4B-00C04F79EFBC}") = "COMP003A.Assignment3", "COMP003A.Assignment3.csproj", "{E67028AE-7AD2-4CC6-8FBE-7623371D560A}"
EndProject
Global
	GlobalSection(SolutionConfigurationPlatforms) = preSolution
		Debug|Any CPU = Debug|Any CPU
		Release|Any CPU = Release|Any CPU
	EndGlobalSection
	GlobalSection(ProjectConfigurationPlatforms) = postSolution
		{E67028AE-7AD2-4CC6-8FBE-7623371D560A}.Debug|Any CPU.ActiveCfg = Debug|Any CPU
		{E67028AE-7AD2-4CC6-8FBE-7623371D560A}.Debug|Any CPU.Build.0 = Debug|Any CPU
		{E67028AE-7AD2-4CC6-8FBE-7623371D560A}.Release|Any CPU.ActiveCfg = Release|Any CPU
		{E67028AE-7AD2-4CC6-8FBE-7623371D560A}.Release|Any CPU.Build.0 = Release|Any CPU
	EndGlobalSection
	GlobalSection(SolutionProperties) = preSolution
		HideSolutionNode = FALSE
	EndGlobalSection
	GlobalSection(ExtensibilityGlobals) = postSolution
		SolutionGuid = {DD11664B-B9A5-47DF-9A16-6ECE49652A4D}
	EndGlobalSection
EndGlobal
